// !$*UTF8*$!
{
	archiveVersion = 1;
	classes = {
	};
	objectVersion = 55;
	objects = {

/* Begin PBXBuildFile section */
		891FD1FA2804BB9A0065E915 /* SignUpViewController.swift in Sources */ = {isa = PBXBuildFile; fileRef = 891FD1F92804BB9A0065E915 /* SignUpViewController.swift */; };
		891FD1FD28054BD30065E915 /* CountryPickerView in Frameworks */ = {isa = PBXBuildFile; productRef = 891FD1FC28054BD30065E915 /* CountryPickerView */; };
		892455B1280421AB0062CEBA /* AppDelegate.swift in Sources */ = {isa = PBXBuildFile; fileRef = 892455B0280421AB0062CEBA /* AppDelegate.swift */; };
		892455B3280421AB0062CEBA /* SceneDelegate.swift in Sources */ = {isa = PBXBuildFile; fileRef = 892455B2280421AB0062CEBA /* SceneDelegate.swift */; };
		892455B5280421AB0062CEBA /* NotesViewController.swift in Sources */ = {isa = PBXBuildFile; fileRef = 892455B4280421AB0062CEBA /* NotesViewController.swift */; };
		892455B8280421AB0062CEBA /* Main.storyboard in Resources */ = {isa = PBXBuildFile; fileRef = 892455B6280421AB0062CEBA /* Main.storyboard */; };
		892455BA280421AE0062CEBA /* Assets.xcassets in Resources */ = {isa = PBXBuildFile; fileRef = 892455B9280421AE0062CEBA /* Assets.xcassets */; };
		892455BD280421AE0062CEBA /* LaunchScreen.storyboard in Resources */ = {isa = PBXBuildFile; fileRef = 892455BB280421AE0062CEBA /* LaunchScreen.storyboard */; };
		892455C928043F9B0062CEBA /* core_data_base.xcdatamodeld in Sources */ = {isa = PBXBuildFile; fileRef = 892455C728043F9B0062CEBA /* core_data_base.xcdatamodeld */; };
		892455CB28044C980062CEBA /* ListViewController.swift in Sources */ = {isa = PBXBuildFile; fileRef = 892455CA28044C980062CEBA /* ListViewController.swift */; };
		8994E99828059C1400B104AF /* LoginViewController.swift in Sources */ = {isa = PBXBuildFile; fileRef = 8994E99728059C1300B104AF /* LoginViewController.swift */; };
/* End PBXBuildFile section */

/* Begin PBXFileReference section */
		891FD1F92804BB9A0065E915 /* SignUpViewController.swift */ = {isa = PBXFileReference; lastKnownFileType = sourcecode.swift; path = SignUpViewController.swift; sourceTree = "<group>"; };
		892455AD280421AB0062CEBA /* Offline Notes.app */ = {isa = PBXFileReference; explicitFileType = wrapper.application; includeInIndex = 0; path = "Offline Notes.app"; sourceTree = BUILT_PRODUCTS_DIR; };
		892455B0280421AB0062CEBA /* AppDelegate.swift */ = {isa = PBXFileReference; lastKnownFileType = sourcecode.swift; path = AppDelegate.swift; sourceTree = "<group>"; };
		892455B2280421AB0062CEBA /* SceneDelegate.swift */ = {isa = PBXFileReference; lastKnownFileType = sourcecode.swift; path = SceneDelegate.swift; sourceTree = "<group>"; };
		892455B4280421AB0062CEBA /* NotesViewController.swift */ = {isa = PBXFileReference; lastKnownFileType = sourcecode.swift; path = NotesViewController.swift; sourceTree = "<group>"; };
		892455B7280421AB0062CEBA /* Base */ = {isa = PBXFileReference; lastKnownFileType = file.storyboard; name = Base; path = Base.lproj/Main.storyboard; sourceTree = "<group>"; };
		892455B9280421AE0062CEBA /* Assets.xcassets */ = {isa = PBXFileReference; lastKnownFileType = folder.assetcatalog; path = Assets.xcassets; sourceTree = "<group>"; };
		892455BC280421AE0062CEBA /* Base */ = {isa = PBXFileReference; lastKnownFileType = file.storyboard; name = Base; path = Base.lproj/LaunchScreen.storyboard; sourceTree = "<group>"; };
		892455BE280421AE0062CEBA /* Info.plist */ = {isa = PBXFileReference; lastKnownFileType = text.plist.xml; path = Info.plist; sourceTree = "<group>"; };
		892455C828043F9B0062CEBA /* core_data_base.xcdatamodel */ = {isa = PBXFileReference; lastKnownFileType = wrapper.xcdatamodel; path = core_data_base.xcdatamodel; sourceTree = "<group>"; };
		892455CA28044C980062CEBA /* ListViewController.swift */ = {isa = PBXFileReference; lastKnownFileType = sourcecode.swift; path = ListViewController.swift; sourceTree = "<group>"; };
		8994E99728059C1300B104AF /* LoginViewController.swift */ = {isa = PBXFileReference; lastKnownFileType = sourcecode.swift; path = LoginViewController.swift; sourceTree = "<group>"; };
/* End PBXFileReference section */

/* Begin PBXFrameworksBuildPhase section */
		892455AA280421AB0062CEBA /* Frameworks */ = {
			isa = PBXFrameworksBuildPhase;
			buildActionMask = 2147483647;
			files = (
				891FD1FD28054BD30065E915 /* CountryPickerView in Frameworks */,
			);
			runOnlyForDeploymentPostprocessing = 0;
		};
/* End PBXFrameworksBuildPhase section */

/* Begin PBXGroup section */
		892455A4280421AB0062CEBA = {
			isa = PBXGroup;
			children = (
				892455AF280421AB0062CEBA /* Offline Notes */,
				892455AE280421AB0062CEBA /* Products */,
			);
			sourceTree = "<group>";
		};
		892455AE280421AB0062CEBA /* Products */ = {
			isa = PBXGroup;
			children = (
				892455AD280421AB0062CEBA /* Offline Notes.app */,
			);
			name = Products;
			sourceTree = "<group>";
		};
		892455AF280421AB0062CEBA /* Offline Notes */ = {
			isa = PBXGroup;
			children = (
				892455C4280421C60062CEBA /* Supporting Files */,
				8994E99B2806029600B104AF /* Controller */,
				8994E99C2806029F00B104AF /* View */,
				892455BE280421AE0062CEBA /* Info.plist */,
				892455C728043F9B0062CEBA /* core_data_base.xcdatamodeld */,
			);
			path = "Offline Notes";
			sourceTree = "<group>";
		};
		892455C4280421C60062CEBA /* Supporting Files */ = {
			isa = PBXGroup;
			children = (
				892455B0280421AB0062CEBA /* AppDelegate.swift */,
				892455B2280421AB0062CEBA /* SceneDelegate.swift */,
				892455B9280421AE0062CEBA /* Assets.xcassets */,
				892455BB280421AE0062CEBA /* LaunchScreen.storyboard */,
			);
			path = "Supporting Files";
			sourceTree = "<group>";
		};
		8994E99B2806029600B104AF /* Controller */ = {
			isa = PBXGroup;
			children = (
				892455B4280421AB0062CEBA /* NotesViewController.swift */,
				892455CA28044C980062CEBA /* ListViewController.swift */,
				8994E99728059C1300B104AF /* LoginViewController.swift */,
				891FD1F92804BB9A0065E915 /* SignUpViewController.swift */,
			);
			path = Controller;
			sourceTree = "<group>";
		};
		8994E99C2806029F00B104AF /* View */ = {
			isa = PBXGroup;
			children = (
				892455B6280421AB0062CEBA /* Main.storyboard */,
			);
			path = View;
			sourceTree = "<group>";
		};
/* End PBXGroup section */

/* Begin PBXNativeTarget section */
		892455AC280421AB0062CEBA /* Offline Notes */ = {
			isa = PBXNativeTarget;
			buildConfigurationList = 892455C1280421AE0062CEBA /* Build configuration list for PBXNativeTarget "Offline Notes" */;
			buildPhases = (
				892455A9280421AB0062CEBA /* Sources */,
				892455AA280421AB0062CEBA /* Frameworks */,
				892455AB280421AB0062CEBA /* Resources */,
			);
			buildRules = (
			);
			dependencies = (
			);
			name = "Offline Notes";
			packageProductDependencies = (
				891FD1FC28054BD30065E915 /* CountryPickerView */,
			);
			productName = "Offline Notes";
			productReference = 892455AD280421AB0062CEBA /* Offline Notes.app */;
			productType = "com.apple.product-type.application";
		};
/* End PBXNativeTarget section */

/* Begin PBXProject section */
		892455A5280421AB0062CEBA /* Project object */ = {
			isa = PBXProject;
			attributes = {
				BuildIndependentTargetsInParallel = 1;
				LastSwiftUpdateCheck = 1330;
				LastUpgradeCheck = 1330;
				TargetAttributes = {
					892455AC280421AB0062CEBA = {
						CreatedOnToolsVersion = 13.3;
					};
				};
			};
			buildConfigurationList = 892455A8280421AB0062CEBA /* Build configuration list for PBXProject "Offline Notes" */;
			compatibilityVersion = "Xcode 13.0";
			developmentRegion = en;
			hasScannedForEncodings = 0;
			knownRegions = (
				en,
				Base,
			);
			mainGroup = 892455A4280421AB0062CEBA;
			packageReferences = (
				891FD1FB28054BD30065E915 /* XCRemoteSwiftPackageReference "CountryPickerView" */,
			);
			productRefGroup = 892455AE280421AB0062CEBA /* Products */;
			projectDirPath = "";
			projectRoot = "";
			targets = (
				892455AC280421AB0062CEBA /* Offline Notes */,
			);
		};
/* End PBXProject section */

/* Begin PBXResourcesBuildPhase section */
		892455AB280421AB0062CEBA /* Resources */ = {
			isa = PBXResourcesBuildPhase;
			buildActionMask = 2147483647;
			files = (
				892455BD280421AE0062CEBA /* LaunchScreen.storyboard in Resources */,
				892455BA280421AE0062CEBA /* Assets.xcassets in Resources */,
				892455B8280421AB0062CEBA /* Main.storyboard in Resources */,
			);
			runOnlyForDeploymentPostprocessing = 0;
		};
/* End PBXResourcesBuildPhase section */

/* Begin PBXSourcesBuildPhase section */
		892455A9280421AB0062CEBA /* Sources */ = {
			isa = PBXSourcesBuildPhase;
			buildActionMask = 2147483647;
			files = (
				8994E99828059C1400B104AF /* LoginViewController.swift in Sources */,
				891FD1FA2804BB9A0065E915 /* SignUpViewController.swift in Sources */,
				892455B5280421AB0062CEBA /* NotesViewController.swift in Sources */,
				892455C928043F9B0062CEBA /* core_data_base.xcdatamodeld in Sources */,
				892455B1280421AB0062CEBA /* AppDelegate.swift in Sources */,
				892455CB28044C980062CEBA /* ListViewController.swift in Sources */,
				892455B3280421AB0062CEBA /* SceneDelegate.swift in Sources */,
			);
			runOnlyForDeploymentPostprocessing = 0;
		};
/* End PBXSourcesBuildPhase section */

/* Begin PBXVariantGroup section */
		892455B6280421AB0062CEBA /* Main.storyboard */ = {
			isa = PBXVariantGroup;
			children = (
				892455B7280421AB0062CEBA /* Base */,
			);
			name = Main.storyboard;
			sourceTree = "<group>";
		};
		892455BB280421AE0062CEBA /* LaunchScreen.storyboard */ = {
			isa = PBXVariantGroup;
			children = (
				892455BC280421AE0062CEBA /* Base */,
			);
			name = LaunchScreen.storyboard;
			sourceTree = "<group>";
		};
/* End PBXVariantGroup section */

/* Begin XCBuildConfiguration section */
		892455BF280421AE0062CEBA /* Debug */ = {
			isa = XCBuildConfiguration;
			buildSettings = {
				ALWAYS_SEARCH_USER_PATHS = NO;
				CLANG_ANALYZER_NONNULL = YES;
				CLANG_ANALYZER_NUMBER_OBJECT_CONVERSION = YES_AGGRESSIVE;
				CLANG_CXX_LANGUAGE_STANDARD = "gnu++17";
				CLANG_ENABLE_MODULES = YES;
				CLANG_ENABLE_OBJC_ARC = YES;
				CLANG_ENABLE_OBJC_WEAK = YES;
				CLANG_WARN_BLOCK_CAPTURE_AUTORELEASING = YES;
				CLANG_WARN_BOOL_CONVERSION = YES;
				CLANG_WARN_COMMA = YES;
				CLANG_WARN_CONSTANT_CONVERSION = YES;
				CLANG_WARN_DEPRECATED_OBJC_IMPLEMENTATIONS = YES;
				CLANG_WARN_DIRECT_OBJC_ISA_USAGE = YES_ERROR;
				CLANG_WARN_DOCUMENTATION_COMMENTS = YES;
				CLANG_WARN_EMPTY_BODY = YES;
				CLANG_WARN_ENUM_CONVERSION = YES;
				CLANG_WARN_INFINITE_RECURSION = YES;
				CLANG_WARN_INT_CONVERSION = YES;
				CLANG_WARN_NON_LITERAL_NULL_CONVERSION = YES;
				CLANG_WARN_OBJC_IMPLICIT_RETAIN_SELF = YES;
				CLANG_WARN_OBJC_LITERAL_CONVERSION = YES;
				CLANG_WARN_OBJC_ROOT_CLASS = YES_ERROR;
				CLANG_WARN_QUOTED_INCLUDE_IN_FRAMEWORK_HEADER = YES;
				CLANG_WARN_RANGE_LOOP_ANALYSIS = YES;
				CLANG_WARN_STRICT_PROTOTYPES = YES;
				CLANG_WARN_SUSPICIOUS_MOVE = YES;
				CLANG_WARN_UNGUARDED_AVAILABILITY = YES_AGGRESSIVE;
				CLANG_WARN_UNREACHABLE_CODE = YES;
				CLANG_WARN__DUPLICATE_METHOD_MATCH = YES;
				COPY_PHASE_STRIP = NO;
				DEBUG_INFORMATION_FORMAT = dwarf;
				ENABLE_STRICT_OBJC_MSGSEND = YES;
				ENABLE_TESTABILITY = YES;
				GCC_C_LANGUAGE_STANDARD = gnu11;
				GCC_DYNAMIC_NO_PIC = NO;
				GCC_NO_COMMON_BLOCKS = YES;
				GCC_OPTIMIZATION_LEVEL = 0;
				GCC_PREPROCESSOR_DEFINITIONS = (
					"DEBUG=1",
					"$(inherited)",
				);
				GCC_WARN_64_TO_32_BIT_CONVERSION = YES;
				GCC_WARN_ABOUT_RETURN_TYPE = YES_ERROR;
				GCC_WARN_UNDECLARED_SELECTOR = YES;
				GCC_WARN_UNINITIALIZED_AUTOS = YES_AGGRESSIVE;
				GCC_WARN_UNUSED_FUNCTION = YES;
				GCC_WARN_UNUSED_VARIABLE = YES;
				IPHONEOS_DEPLOYMENT_TARGET = 15.0;
				MTL_ENABLE_DEBUG_INFO = INCLUDE_SOURCE;
				MTL_FAST_MATH = YES;
				ONLY_ACTIVE_ARCH = YES;
				SDKROOT = iphoneos;
				SWIFT_ACTIVE_COMPILATION_CONDITIONS = DEBUG;
				SWIFT_OPTIMIZATION_LEVEL = "-Onone";
			};
			name = Debug;
		};
		892455C0280421AE0062CEBA /* Release */ = {
			isa = XCBuildConfiguration;
			buildSettings = {
				ALWAYS_SEARCH_USER_PATHS = NO;
				CLANG_ANALYZER_NONNULL = YES;
				CLANG_ANALYZER_NUMBER_OBJECT_CONVERSION = YES_AGGRESSIVE;
				CLANG_CXX_LANGUAGE_STANDARD = "gnu++17";
				CLANG_ENABLE_MODULES = YES;
				CLANG_ENABLE_OBJC_ARC = YES;
				CLANG_ENABLE_OBJC_WEAK = YES;
				CLANG_WARN_BLOCK_CAPTURE_AUTORELEASING = YES;
				CLANG_WARN_BOOL_CONVERSION = YES;
				CLANG_WARN_COMMA = YES;
				CLANG_WARN_CONSTANT_CONVERSION = YES;
				CLANG_WARN_DEPRECATED_OBJC_IMPLEMENTATIONS = YES;
				CLANG_WARN_DIRECT_OBJC_ISA_USAGE = YES_ERROR;
				CLANG_WARN_DOCUMENTATION_COMMENTS = YES;
				CLANG_WARN_EMPTY_BODY = YES;
				CLANG_WARN_ENUM_CONVERSION = YES;
				CLANG_WARN_INFINITE_RECURSION = YES;
				CLANG_WARN_INT_CONVERSION = YES;
				CLANG_WARN_NON_LITERAL_NULL_CONVERSION = YES;
				CLANG_WARN_OBJC_IMPLICIT_RETAIN_SELF = YES;
				CLANG_WARN_OBJC_LITERAL_CONVERSION = YES;
				CLANG_WARN_OBJC_ROOT_CLASS = YES_ERROR;
				CLANG_WARN_QUOTED_INCLUDE_IN_FRAMEWORK_HEADER = YES;
				CLANG_WARN_RANGE_LOOP_ANALYSIS = YES;
				CLANG_WARN_STRICT_PROTOTYPES = YES;
				CLANG_WARN_SUSPICIOUS_MOVE = YES;
				CLANG_WARN_UNGUARDED_AVAILABILITY = YES_AGGRESSIVE;
				CLANG_WARN_UNREACHABLE_CODE = YES;
				CLANG_WARN__DUPLICATE_METHOD_MATCH = YES;
				COPY_PHASE_STRIP = NO;
				DEBUG_INFORMATION_FORMAT = "dwarf-with-dsym";
				ENABLE_NS_ASSERTIONS = NO;
				ENABLE_STRICT_OBJC_MSGSEND = YES;
				GCC_C_LANGUAGE_STANDARD = gnu11;
				GCC_NO_COMMON_BLOCKS = YES;
				GCC_WARN_64_TO_32_BIT_CONVERSION = YES;
				GCC_WARN_ABOUT_RETURN_TYPE = YES_ERROR;
				GCC_WARN_UNDECLARED_SELECTOR = YES;
				GCC_WARN_UNINITIALIZED_AUTOS = YES_AGGRESSIVE;
				GCC_WARN_UNUSED_FUNCTION = YES;
				GCC_WARN_UNUSED_VARIABLE = YES;
				IPHONEOS_DEPLOYMENT_TARGET = 15.0;
				MTL_ENABLE_DEBUG_INFO = NO;
				MTL_FAST_MATH = YES;
				SDKROOT = iphoneos;
				SWIFT_COMPILATION_MODE = wholemodule;
				SWIFT_OPTIMIZATION_LEVEL = "-O";
				VALIDATE_PRODUCT = YES;
			};
			name = Release;
		};
		892455C2280421AE0062CEBA /* Debug */ = {
			isa = XCBuildConfiguration;
			buildSettings = {
				ASSETCATALOG_COMPILER_APPICON_NAME = AppIcon;
				ASSETCATALOG_COMPILER_GLOBAL_ACCENT_COLOR_NAME = AccentColor;
				CODE_SIGN_STYLE = Automatic;
				CURRENT_PROJECT_VERSION = 1;
				DEVELOPMENT_TEAM = 4CN2JA7Y7K;
				GENERATE_INFOPLIST_FILE = YES;
				INFOPLIST_FILE = "Offline Notes/Info.plist";
				INFOPLIST_KEY_UIApplicationSupportsIndirectInputEvents = YES;
				INFOPLIST_KEY_UILaunchStoryboardName = LaunchScreen;
				INFOPLIST_KEY_UIMainStoryboardFile = Main;
				INFOPLIST_KEY_UISupportedInterfaceOrientations_iPad = "UIInterfaceOrientationPortrait UIInterfaceOrientationPortraitUpsideDown UIInterfaceOrientationLandscapeLeft UIInterfaceOrientationLandscapeRight";
				INFOPLIST_KEY_UISupportedInterfaceOrientations_iPhone = "UIInterfaceOrientationPortrait UIInterfaceOrientationLandscapeLeft UIInterfaceOrientationLandscapeRight";
				LD_RUNPATH_SEARCH_PATHS = (
					"$(inherited)",
					"@executable_path/Frameworks",
				);
				MARKETING_VERSION = 1.0;
				PRODUCT_BUNDLE_IDENTIFIER = "com.vansh.Offline-Notes";
				PRODUCT_NAME = "$(TARGET_NAME)";
				SWIFT_EMIT_LOC_STRINGS = YES;
				SWIFT_VERSION = 5.0;
				TARGETED_DEVICE_FAMILY = "1,2";
			};
			name = Debug;
		};
		892455C3280421AE0062CEBA /* Release */ = {
			isa = XCBuildConfiguration;
			buildSettings = {
				ASSETCATALOG_COMPILER_APPICON_NAME = AppIcon;
				ASSETCATALOG_COMPILER_GLOBAL_ACCENT_COLOR_NAME = AccentColor;
				CODE_SIGN_STYLE = Automatic;
				CURRENT_PROJECT_VERSION = 1;
				DEVELOPMENT_TEAM = 4CN2JA7Y7K;
				GENERATE_INFOPLIST_FILE = YES;
				INFOPLIST_FILE = "Offline Notes/Info.plist";
				INFOPLIST_KEY_UIApplicationSupportsIndirectInputEvents = YES;
				INFOPLIST_KEY_UILaunchStoryboardName = LaunchScreen;
				INFOPLIST_KEY_UIMainStoryboardFile = Main;
				INFOPLIST_KEY_UISupportedInterfaceOrientations_iPad = "UIInterfaceOrientationPortrait UIInterfaceOrientationPortraitUpsideDown UIInterfaceOrientationLandscapeLeft UIInterfaceOrientationLandscapeRight";
				INFOPLIST_KEY_UISupportedInterfaceOrientations_iPhone = "UIInterfaceOrientationPortrait UIInterfaceOrientationLandscapeLeft UIInterfaceOrientationLandscapeRight";
				LD_RUNPATH_SEARCH_PATHS = (
					"$(inherited)",
					"@executable_path/Frameworks",
				);
				MARKETING_VERSION = 1.0;
				PRODUCT_BUNDLE_IDENTIFIER = "com.vansh.Offline-Notes";
				PRODUCT_NAME = "$(TARGET_NAME)";
				SWIFT_EMIT_LOC_STRINGS = YES;
				SWIFT_VERSION = 5.0;
				TARGETED_DEVICE_FAMILY = "1,2";
			};
			name = Release;
		};
/* End XCBuildConfiguration section */

/* Begin XCConfigurationList section */
		892455A8280421AB0062CEBA /* Build configuration list for PBXProject "Offline Notes" */ = {
			isa = XCConfigurationList;
			buildConfigurations = (
				892455BF280421AE0062CEBA /* Debug */,
				892455C0280421AE0062CEBA /* Release */,
			);
			defaultConfigurationIsVisible = 0;
			defaultConfigurationName = Release;
		};
		892455C1280421AE0062CEBA /* Build configuration list for PBXNativeTarget "Offline Notes" */ = {
			isa = XCConfigurationList;
			buildConfigurations = (
				892455C2280421AE0062CEBA /* Debug */,
				892455C3280421AE0062CEBA /* Release */,
			);
			defaultConfigurationIsVisible = 0;
			defaultConfigurationName = Release;
		};
/* End XCConfigurationList section */

/* Begin XCRemoteSwiftPackageReference section */
		891FD1FB28054BD30065E915 /* XCRemoteSwiftPackageReference "CountryPickerView" */ = {
			isa = XCRemoteSwiftPackageReference;
			repositoryURL = "https://github.com/kizitonwose/CountryPickerView.git";
			requirement = {
				kind = upToNextMajorVersion;
				minimumVersion = 3.0.0;
			};
		};
/* End XCRemoteSwiftPackageReference section */

/* Begin XCSwiftPackageProductDependency section */
		891FD1FC28054BD30065E915 /* CountryPickerView */ = {
			isa = XCSwiftPackageProductDependency;
			package = 891FD1FB28054BD30065E915 /* XCRemoteSwiftPackageReference "CountryPickerView" */;
			productName = CountryPickerView;
		};
/* End XCSwiftPackageProductDependency section */

/* Begin XCVersionGroup section */
		892455C728043F9B0062CEBA /* core_data_base.xcdatamodeld */ = {
			isa = XCVersionGroup;
			children = (
				892455C828043F9B0062CEBA /* core_data_base.xcdatamodel */,
			);
			currentVersion = 892455C828043F9B0062CEBA /* core_data_base.xcdatamodel */;
			path = core_data_base.xcdatamodeld;
			sourceTree = "<group>";
			versionGroupType = wrapper.xcdatamodel;
		};
/* End XCVersionGroup section */
	};
	rootObject = 892455A5280421AB0062CEBA /* Project object */;
}
